
Microsoft Visual Studio Solution File, Format Version 12.00
# Visual Studio Version 17
VisualStudioVersion = 17.13.35825.156
MinimumVisualStudioVersion = 10.0.40219.1
Project("{FAE04EC0-301F-11D3-BF4B-00C04F79EFBC}") = "P_Tamagotchi", "P_Tamagotchi\P_Tamagotchi.csproj", "{AC341BBB-655E-4562-BD4F-1E2229799F00}"
EndProject
Global
	GlobalSection(SolutionConfigurationPlatforms) = preSolution
		Debug|Any CPU = Debug|Any CPU
		Debug|x64 = Debug|x64
		Release|Any CPU = Release|Any CPU
		Release|x64 = Release|x64
	EndGlobalSection
	GlobalSection(ProjectConfigurationPlatforms) = postSolution
		{AC341BBB-655E-4562-BD4F-1E2229799F00}.Debug|Any CPU.ActiveCfg = Debug|Any CPU
		{AC341BBB-655E-4562-BD4F-1E2229799F00}.Debug|Any CPU.Build.0 = Debug|Any CPU
		{AC341BBB-655E-4562-BD4F-1E2229799F00}.Debug|x64.ActiveCfg = Debug|x64
		{AC341BBB-655E-4562-BD4F-1E2229799F00}.Debug|x64.Build.0 = Debug|x64
		{AC341BBB-655E-4562-BD4F-1E2229799F00}.Release|Any CPU.ActiveCfg = Release|Any CPU
		{AC341BBB-655E-4562-BD4F-1E2229799F00}.Release|Any CPU.Build.0 = Release|Any CPU
		{AC341BBB-655E-4562-BD4F-1E2229799F00}.Release|x64.ActiveCfg = Release|x64
		{AC341BBB-655E-4562-BD4F-1E2229799F00}.Release|x64.Build.0 = Release|x64
	EndGlobalSection
	GlobalSection(SolutionProperties) = preSolution
		HideSolutionNode = FALSE
	EndGlobalSection
	GlobalSection(ExtensibilityGlobals) = postSolution
		SolutionGuid = {51F4C3E5-B716-46C2-9422-350D46E6CD47}
	EndGlobalSection
EndGlobal
